
Microsoft Visual Studio Solution File, Format Version 12.00
# Visual Studio Version 17
VisualStudioVersion = 17.6.33723.286
MinimumVisualStudioVersion = 10.0.40219.1
Project("{FAE04EC0-301F-11D3-BF4B-00C04F79EFBC}") = "RazorSymbolebonnes pratiques", "RazorSymbolebonnes pratiques.csproj", "{A65A86FF-EFC1-4AD5-8019-84EE3D664C48}"
EndProject
Global
	GlobalSection(SolutionConfigurationPlatforms) = preSolution
		Debug|Any CPU = Debug|Any CPU
		Release|Any CPU = Release|Any CPU
	EndGlobalSection
	GlobalSection(ProjectConfigurationPlatforms) = postSolution
		{A65A86FF-EFC1-4AD5-8019-84EE3D664C48}.Debug|Any CPU.ActiveCfg = Debug|Any CPU
		{A65A86FF-EFC1-4AD5-8019-84EE3D664C48}.Debug|Any CPU.Build.0 = Debug|Any CPU
		{A65A86FF-EFC1-4AD5-8019-84EE3D664C48}.Release|Any CPU.ActiveCfg = Release|Any CPU
		{A65A86FF-EFC1-4AD5-8019-84EE3D664C48}.Release|Any CPU.Build.0 = Release|Any CPU
	EndGlobalSection
	GlobalSection(SolutionProperties) = preSolution
		HideSolutionNode = FALSE
	EndGlobalSection
	GlobalSection(ExtensibilityGlobals) = postSolution
		SolutionGuid = {89BACFD4-A8AF-4C8C-85A8-96967E4823AD}
	EndGlobalSection
EndGlobal
